
Microsoft Visual Studio Solution File, Format Version 12.00
# Visual Studio 15
Project("{FAE04EC0-301F-11D3-BF4B-00C04F79EFBC}") = "Assembly-CSharp", "Assembly-CSharp.csproj", "{DC55BC77-D8A8-3CA8-66EE-47092EAAA798}"
EndProject
Global
	GlobalSection(SolutionConfigurationPlatforms) = preSolution
		Debug|Any CPU = Debug|Any CPU
		Release|Any CPU = Release|Any CPU
	EndGlobalSection
	GlobalSection(ProjectConfigurationPlatforms) = postSolution
		{DC55BC77-D8A8-3CA8-66EE-47092EAAA798}.Debug|Any CPU.ActiveCfg = Debug|Any CPU
		{DC55BC77-D8A8-3CA8-66EE-47092EAAA798}.Debug|Any CPU.Build.0 = Debug|Any CPU
		{DC55BC77-D8A8-3CA8-66EE-47092EAAA798}.Release|Any CPU.ActiveCfg = Release|Any CPU
		{DC55BC77-D8A8-3CA8-66EE-47092EAAA798}.Release|Any CPU.Build.0 = Release|Any CPU
	EndGlobalSection
	GlobalSection(SolutionProperties) = preSolution
		HideSolutionNode = FALSE
	EndGlobalSection
EndGlobal
